// !$*UTF8*$!
{
	archiveVersion = 1;
	classes = {
	};
	objectVersion = 56;
	objects = {

/* Begin PBXBuildFile section */
		A263ECFE2B22424C008C282E /* NetworkView.swift in Sources */ = {isa = PBXBuildFile; fileRef = A263ECFD2B22424C008C282E /* NetworkView.swift */; };
		A2E03E7A2B0E4E3400F23237 /* ConectaLot_SwifUIApp.swift in Sources */ = {isa = PBXBuildFile; fileRef = A2E03E792B0E4E3400F23237 /* ConectaLot_SwifUIApp.swift */; };
		A2E03E7C2B0E4E3400F23237 /* ContentView.swift in Sources */ = {isa = PBXBuildFile; fileRef = A2E03E7B2B0E4E3400F23237 /* ContentView.swift */; };
		A2E03E7E2B0E4E3600F23237 /* Assets.xcassets in Resources */ = {isa = PBXBuildFile; fileRef = A2E03E7D2B0E4E3600F23237 /* Assets.xcassets */; };
		A2E03E812B0E4E3600F23237 /* Preview Assets.xcassets in Resources */ = {isa = PBXBuildFile; fileRef = A2E03E802B0E4E3600F23237 /* Preview Assets.xcassets */; };
		A2ED09332B0FC499000631BC /* LottieView.swift in Sources */ = {isa = PBXBuildFile; fileRef = A2ED09322B0FC499000631BC /* LottieView.swift */; };
		A2ED09362B0FC582000631BC /* Lottie in Frameworks */ = {isa = PBXBuildFile; productRef = A2ED09352B0FC582000631BC /* Lottie */; };
		A2ED09382B0FC5F7000631BC /* loading.json in Resources */ = {isa = PBXBuildFile; fileRef = A2ED09372B0FC5F7000631BC /* loading.json */; };
/* End PBXBuildFile section */

/* Begin PBXFileReference section */
		A263ECFD2B22424C008C282E /* NetworkView.swift */ = {isa = PBXFileReference; lastKnownFileType = sourcecode.swift; path = NetworkView.swift; sourceTree = "<group>"; };
		A2E03E762B0E4E3400F23237 /* ConectaLot-SwifUI.app */ = {isa = PBXFileReference; explicitFileType = wrapper.application; includeInIndex = 0; path = "ConectaLot-SwifUI.app"; sourceTree = BUILT_PRODUCTS_DIR; };
		A2E03E792B0E4E3400F23237 /* ConectaLot_SwifUIApp.swift */ = {isa = PBXFileReference; lastKnownFileType = sourcecode.swift; path = ConectaLot_SwifUIApp.swift; sourceTree = "<group>"; };
		A2E03E7B2B0E4E3400F23237 /* ContentView.swift */ = {isa = PBXFileReference; lastKnownFileType = sourcecode.swift; path = ContentView.swift; sourceTree = "<group>"; };
		A2E03E7D2B0E4E3600F23237 /* Assets.xcassets */ = {isa = PBXFileReference; lastKnownFileType = folder.assetcatalog; path = Assets.xcassets; sourceTree = "<group>"; };
		A2E03E802B0E4E3600F23237 /* Preview Assets.xcassets */ = {isa = PBXFileReference; lastKnownFileType = folder.assetcatalog; path = "Preview Assets.xcassets"; sourceTree = "<group>"; };
		A2ED09322B0FC499000631BC /* LottieView.swift */ = {isa = PBXFileReference; lastKnownFileType = sourcecode.swift; path = LottieView.swift; sourceTree = "<group>"; };
		A2ED09372B0FC5F7000631BC /* loading.json */ = {isa = PBXFileReference; fileEncoding = 4; lastKnownFileType = text.json; path = loading.json; sourceTree = "<group>"; };
/* End PBXFileReference section */

/* Begin PBXFrameworksBuildPhase section */
		A2E03E732B0E4E3400F23237 /* Frameworks */ = {
			isa = PBXFrameworksBuildPhase;
			buildActionMask = 2147483647;
			files = (
				A2ED09362B0FC582000631BC /* Lottie in Frameworks */,
			);
			runOnlyForDeploymentPostprocessing = 0;
		};
/* End PBXFrameworksBuildPhase section */

/* Begin PBXGroup section */
		A2E03E6D2B0E4E3400F23237 = {
			isa = PBXGroup;
			children = (
				A2E03E782B0E4E3400F23237 /* ConectaLot-SwifUI */,
				A2E03E772B0E4E3400F23237 /* Products */,
			);
			sourceTree = "<group>";
		};
		A2E03E772B0E4E3400F23237 /* Products */ = {
			isa = PBXGroup;
			children = (
				A2E03E762B0E4E3400F23237 /* ConectaLot-SwifUI.app */,
			);
			name = Products;
			sourceTree = "<group>";
		};
		A2E03E782B0E4E3400F23237 /* ConectaLot-SwifUI */ = {
			isa = PBXGroup;
			children = (
				A2E03E792B0E4E3400F23237 /* ConectaLot_SwifUIApp.swift */,
				A2E03E7B2B0E4E3400F23237 /* ContentView.swift */,
				A263ECFD2B22424C008C282E /* NetworkView.swift */,
				A2E03E7D2B0E4E3600F23237 /* Assets.xcassets */,
				A2E03E7F2B0E4E3600F23237 /* Preview Content */,
				A2ED09322B0FC499000631BC /* LottieView.swift */,
				A2ED09372B0FC5F7000631BC /* loading.json */,
			);
			path = "ConectaLot-SwifUI";
			sourceTree = "<group>";
		};
		A2E03E7F2B0E4E3600F23237 /* Preview Content */ = {
			isa = PBXGroup;
			children = (
				A2E03E802B0E4E3600F23237 /* Preview Assets.xcassets */,
			);
			path = "Preview Content";
			sourceTree = "<group>";
		};
/* End PBXGroup section */

/* Begin PBXNativeTarget section */
		A2E03E752B0E4E3400F23237 /* ConectaLot-SwifUI */ = {
			isa = PBXNativeTarget;
			buildConfigurationList = A2E03E842B0E4E3600F23237 /* Build configuration list for PBXNativeTarget "ConectaLot-SwifUI" */;
			buildPhases = (
				A2E03E722B0E4E3400F23237 /* Sources */,
				A2E03E732B0E4E3400F23237 /* Frameworks */,
				A2E03E742B0E4E3400F23237 /* Resources */,
			);
			buildRules = (
			);
			dependencies = (
			);
			name = "ConectaLot-SwifUI";
			packageProductDependencies = (
				A2ED09352B0FC582000631BC /* Lottie */,
			);
			productName = "ConectaLot-SwifUI";
			productReference = A2E03E762B0E4E3400F23237 /* ConectaLot-SwifUI.app */;
			productType = "com.apple.product-type.application";
		};
/* End PBXNativeTarget section */

/* Begin PBXProject section */
		A2E03E6E2B0E4E3400F23237 /* Project object */ = {
			isa = PBXProject;
			attributes = {
				BuildIndependentTargetsInParallel = 1;
				LastSwiftUpdateCheck = 1500;
				LastUpgradeCheck = 1500;
				TargetAttributes = {
					A2E03E752B0E4E3400F23237 = {
						CreatedOnToolsVersion = 15.0.1;
					};
				};
			};
			buildConfigurationList = A2E03E712B0E4E3400F23237 /* Build configuration list for PBXProject "ConectaLot-SwifUI" */;
			compatibilityVersion = "Xcode 14.0";
			developmentRegion = en;
			hasScannedForEncodings = 0;
			knownRegions = (
				en,
				Base,
			);
			mainGroup = A2E03E6D2B0E4E3400F23237;
			packageReferences = (
				A2ED09342B0FC582000631BC /* XCRemoteSwiftPackageReference "lottie-spm" */,
			);
			productRefGroup = A2E03E772B0E4E3400F23237 /* Products */;
			projectDirPath = "";
			projectRoot = "";
			targets = (
				A2E03E752B0E4E3400F23237 /* ConectaLot-SwifUI */,
			);
		};
/* End PBXProject section */

/* Begin PBXResourcesBuildPhase section */
		A2E03E742B0E4E3400F23237 /* Resources */ = {
			isa = PBXResourcesBuildPhase;
			buildActionMask = 2147483647;
			files = (
				A2E03E812B0E4E3600F23237 /* Preview Assets.xcassets in Resources */,
				A2ED09382B0FC5F7000631BC /* loading.json in Resources */,
				A2E03E7E2B0E4E3600F23237 /* Assets.xcassets in Resources */,
			);
			runOnlyForDeploymentPostprocessing = 0;
		};
/* End PBXResourcesBuildPhase section */

/* Begin PBXSourcesBuildPhase section */
		A2E03E722B0E4E3400F23237 /* Sources */ = {
			isa = PBXSourcesBuildPhase;
			buildActionMask = 2147483647;
			files = (
				A2E03E7C2B0E4E3400F23237 /* ContentView.swift in Sources */,
				A263ECFE2B22424C008C282E /* NetworkView.swift in Sources */,
				A2E03E7A2B0E4E3400F23237 /* ConectaLot_SwifUIApp.swift in Sources */,
				A2ED09332B0FC499000631BC /* LottieView.swift in Sources */,
			);
			runOnlyForDeploymentPostprocessing = 0;
		};
/* End PBXSourcesBuildPhase section */

/* Begin XCBuildConfiguration section */
		A2E03E822B0E4E3600F23237 /* Debug */ = {
			isa = XCBuildConfiguration;
			buildSettings = {
				ALWAYS_SEARCH_USER_PATHS = NO;
				ASSETCATALOG_COMPILER_GENERATE_SWIFT_ASSET_SYMBOL_EXTENSIONS = YES;
				CLANG_ANALYZER_NONNULL = YES;
				CLANG_ANALYZER_NUMBER_OBJECT_CONVERSION = YES_AGGRESSIVE;
				CLANG_CXX_LANGUAGE_STANDARD = "gnu++20";
				CLANG_ENABLE_MODULES = YES;
				CLANG_ENABLE_OBJC_ARC = YES;
				CLANG_ENABLE_OBJC_WEAK = YES;
				CLANG_WARN_BLOCK_CAPTURE_AUTORELEASING = YES;
				CLANG_WARN_BOOL_CONVERSION = YES;
				CLANG_WARN_COMMA = YES;
				CLANG_WARN_CONSTANT_CONVERSION = YES;
				CLANG_WARN_DEPRECATED_OBJC_IMPLEMENTATIONS = YES;
				CLANG_WARN_DIRECT_OBJC_ISA_USAGE = YES_ERROR;
				CLANG_WARN_DOCUMENTATION_COMMENTS = YES;
				CLANG_WARN_EMPTY_BODY = YES;
				CLANG_WARN_ENUM_CONVERSION = YES;
				CLANG_WARN_INFINITE_RECURSION = YES;
				CLANG_WARN_INT_CONVERSION = YES;
				CLANG_WARN_NON_LITERAL_NULL_CONVERSION = YES;
				CLANG_WARN_OBJC_IMPLICIT_RETAIN_SELF = YES;
				CLANG_WARN_OBJC_LITERAL_CONVERSION = YES;
				CLANG_WARN_OBJC_ROOT_CLASS = YES_ERROR;
				CLANG_WARN_QUOTED_INCLUDE_IN_FRAMEWORK_HEADER = YES;
				CLANG_WARN_RANGE_LOOP_ANALYSIS = YES;
				CLANG_WARN_STRICT_PROTOTYPES = YES;
				CLANG_WARN_SUSPICIOUS_MOVE = YES;
				CLANG_WARN_UNGUARDED_AVAILABILITY = YES_AGGRESSIVE;
				CLANG_WARN_UNREACHABLE_CODE = YES;
				CLANG_WARN__DUPLICATE_METHOD_MATCH = YES;
				COPY_PHASE_STRIP = NO;
				DEBUG_INFORMATION_FORMAT = dwarf;
				ENABLE_STRICT_OBJC_MSGSEND = YES;
				ENABLE_TESTABILITY = YES;
				ENABLE_USER_SCRIPT_SANDBOXING = YES;
				GCC_C_LANGUAGE_STANDARD = gnu17;
				GCC_DYNAMIC_NO_PIC = NO;
				GCC_NO_COMMON_BLOCKS = YES;
				GCC_OPTIMIZATION_LEVEL = 0;
				GCC_PREPROCESSOR_DEFINITIONS = (
					"DEBUG=1",
					"$(inherited)",
				);
				GCC_WARN_64_TO_32_BIT_CONVERSION = YES;
				GCC_WARN_ABOUT_RETURN_TYPE = YES_ERROR;
				GCC_WARN_UNDECLARED_SELECTOR = YES;
				GCC_WARN_UNINITIALIZED_AUTOS = YES_AGGRESSIVE;
				GCC_WARN_UNUSED_FUNCTION = YES;
				GCC_WARN_UNUSED_VARIABLE = YES;
				IPHONEOS_DEPLOYMENT_TARGET = 17.0;
				LOCALIZATION_PREFERS_STRING_CATALOGS = YES;
				MTL_ENABLE_DEBUG_INFO = INCLUDE_SOURCE;
				MTL_FAST_MATH = YES;
				ONLY_ACTIVE_ARCH = YES;
				SDKROOT = iphoneos;
				SWIFT_ACTIVE_COMPILATION_CONDITIONS = "DEBUG $(inherited)";
				SWIFT_OPTIMIZATION_LEVEL = "-Onone";
			};
			name = Debug;
		};
		A2E03E832B0E4E3600F23237 /* Release */ = {
			isa = XCBuildConfiguration;
			buildSettings = {
				ALWAYS_SEARCH_USER_PATHS = NO;
				ASSETCATALOG_COMPILER_GENERATE_SWIFT_ASSET_SYMBOL_EXTENSIONS = YES;
				CLANG_ANALYZER_NONNULL = YES;
				CLANG_ANALYZER_NUMBER_OBJECT_CONVERSION = YES_AGGRESSIVE;
				CLANG_CXX_LANGUAGE_STANDARD = "gnu++20";
				CLANG_ENABLE_MODULES = YES;
				CLANG_ENABLE_OBJC_ARC = YES;
				CLANG_ENABLE_OBJC_WEAK = YES;
				CLANG_WARN_BLOCK_CAPTURE_AUTORELEASING = YES;
				CLANG_WARN_BOOL_CONVERSION = YES;
				CLANG_WARN_COMMA = YES;
				CLANG_WARN_CONSTANT_CONVERSION = YES;
				CLANG_WARN_DEPRECATED_OBJC_IMPLEMENTATIONS = YES;
				CLANG_WARN_DIRECT_OBJC_ISA_USAGE = YES_ERROR;
				CLANG_WARN_DOCUMENTATION_COMMENTS = YES;
				CLANG_WARN_EMPTY_BODY = YES;
				CLANG_WARN_ENUM_CONVERSION = YES;
				CLANG_WARN_INFINITE_RECURSION = YES;
				CLANG_WARN_INT_CONVERSION = YES;
				CLANG_WARN_NON_LITERAL_NULL_CONVERSION = YES;
				CLANG_WARN_OBJC_IMPLICIT_RETAIN_SELF = YES;
				CLANG_WARN_OBJC_LITERAL_CONVERSION = YES;
				CLANG_WARN_OBJC_ROOT_CLASS = YES_ERROR;
				CLANG_WARN_QUOTED_INCLUDE_IN_FRAMEWORK_HEADER = YES;
				CLANG_WARN_RANGE_LOOP_ANALYSIS = YES;
				CLANG_WARN_STRICT_PROTOTYPES = YES;
				CLANG_WARN_SUSPICIOUS_MOVE = YES;
				CLANG_WARN_UNGUARDED_AVAILABILITY = YES_AGGRESSIVE;
				CLANG_WARN_UNREACHABLE_CODE = YES;
				CLANG_WARN__DUPLICATE_METHOD_MATCH = YES;
				COPY_PHASE_STRIP = NO;
				DEBUG_INFORMATION_FORMAT = "dwarf-with-dsym";
				ENABLE_NS_ASSERTIONS = NO;
				ENABLE_STRICT_OBJC_MSGSEND = YES;
				ENABLE_USER_SCRIPT_SANDBOXING = YES;
				GCC_C_LANGUAGE_STANDARD = gnu17;
				GCC_NO_COMMON_BLOCKS = YES;
				GCC_WARN_64_TO_32_BIT_CONVERSION = YES;
				GCC_WARN_ABOUT_RETURN_TYPE = YES_ERROR;
				GCC_WARN_UNDECLARED_SELECTOR = YES;
				GCC_WARN_UNINITIALIZED_AUTOS = YES_AGGRESSIVE;
				GCC_WARN_UNUSED_FUNCTION = YES;
				GCC_WARN_UNUSED_VARIABLE = YES;
				IPHONEOS_DEPLOYMENT_TARGET = 17.0;
				LOCALIZATION_PREFERS_STRING_CATALOGS = YES;
				MTL_ENABLE_DEBUG_INFO = NO;
				MTL_FAST_MATH = YES;
				SDKROOT = iphoneos;
				SWIFT_COMPILATION_MODE = wholemodule;
				VALIDATE_PRODUCT = YES;
			};
			name = Release;
		};
		A2E03E852B0E4E3600F23237 /* Debug */ = {
			isa = XCBuildConfiguration;
			buildSettings = {
				ASSETCATALOG_COMPILER_APPICON_NAME = AppIcon;
				ASSETCATALOG_COMPILER_GLOBAL_ACCENT_COLOR_NAME = AccentColor;
				CODE_SIGN_STYLE = Automatic;
				CURRENT_PROJECT_VERSION = 1;
				DEVELOPMENT_ASSET_PATHS = "\"ConectaLot-SwifUI/Preview Content\"";
				DEVELOPMENT_TEAM = GQ79SSD32K;
				ENABLE_PREVIEWS = YES;
				GENERATE_INFOPLIST_FILE = YES;
				INFOPLIST_KEY_UIApplicationSceneManifest_Generation = YES;
				INFOPLIST_KEY_UIApplicationSupportsIndirectInputEvents = YES;
				INFOPLIST_KEY_UILaunchScreen_Generation = YES;
				INFOPLIST_KEY_UISupportedInterfaceOrientations = UIInterfaceOrientationPortrait;
				LD_RUNPATH_SEARCH_PATHS = (
					"$(inherited)",
					"@executable_path/Frameworks",
				);
				MARKETING_VERSION = 1.0;
				PRODUCT_BUNDLE_IDENTIFIER = "barrosmmoura.ConectaLot-SwifUI";
				PRODUCT_NAME = "$(TARGET_NAME)";
				SWIFT_EMIT_LOC_STRINGS = YES;
				SWIFT_VERSION = 5.0;
				TARGETED_DEVICE_FAMILY = "1,2";
			};
			name = Debug;
		};
		A2E03E862B0E4E3600F23237 /* Release */ = {
			isa = XCBuildConfiguration;
			buildSettings = {
				ASSETCATALOG_COMPILER_APPICON_NAME = AppIcon;
				ASSETCATALOG_COMPILER_GLOBAL_ACCENT_COLOR_NAME = AccentColor;
				CODE_SIGN_STYLE = Automatic;
				CURRENT_PROJECT_VERSION = 1;
				DEVELOPMENT_ASSET_PATHS = "\"ConectaLot-SwifUI/Preview Content\"";
				DEVELOPMENT_TEAM = GQ79SSD32K;
				ENABLE_PREVIEWS = YES;
				GENERATE_INFOPLIST_FILE = YES;
				INFOPLIST_KEY_UIApplicationSceneManifest_Generation = YES;
				INFOPLIST_KEY_UIApplicationSupportsIndirectInputEvents = YES;
				INFOPLIST_KEY_UILaunchScreen_Generation = YES;
				INFOPLIST_KEY_UISupportedInterfaceOrientations = UIInterfaceOrientationPortrait;
				LD_RUNPATH_SEARCH_PATHS = (
					"$(inherited)",
					"@executable_path/Frameworks",
				);
				MARKETING_VERSION = 1.0;
				PRODUCT_BUNDLE_IDENTIFIER = "barrosmmoura.ConectaLot-SwifUI";
				PRODUCT_NAME = "$(TARGET_NAME)";
				SWIFT_EMIT_LOC_STRINGS = YES;
				SWIFT_VERSION = 5.0;
				TARGETED_DEVICE_FAMILY = "1,2";
			};
			name = Release;
		};
/* End XCBuildConfiguration section */

/* Begin XCConfigurationList section */
		A2E03E712B0E4E3400F23237 /* Build configuration list for PBXProject "ConectaLot-SwifUI" */ = {
			isa = XCConfigurationList;
			buildConfigurations = (
				A2E03E822B0E4E3600F23237 /* Debug */,
				A2E03E832B0E4E3600F23237 /* Release */,
			);
			defaultConfigurationIsVisible = 0;
			defaultConfigurationName = Release;
		};
		A2E03E842B0E4E3600F23237 /* Build configuration list for PBXNativeTarget "ConectaLot-SwifUI" */ = {
			isa = XCConfigurationList;
			buildConfigurations = (
				A2E03E852B0E4E3600F23237 /* Debug */,
				A2E03E862B0E4E3600F23237 /* Release */,
			);
			defaultConfigurationIsVisible = 0;
			defaultConfigurationName = Release;
		};
/* End XCConfigurationList section */

/* Begin XCRemoteSwiftPackageReference section */
		A2ED09342B0FC582000631BC /* XCRemoteSwiftPackageReference "lottie-spm" */ = {
			isa = XCRemoteSwiftPackageReference;
			repositoryURL = "https://github.com/airbnb/lottie-spm";
			requirement = {
				kind = upToNextMajorVersion;
				minimumVersion = 4.3.3;
			};
		};
/* End XCRemoteSwiftPackageReference section */

/* Begin XCSwiftPackageProductDependency section */
		A2ED09352B0FC582000631BC /* Lottie */ = {
			isa = XCSwiftPackageProductDependency;
			package = A2ED09342B0FC582000631BC /* XCRemoteSwiftPackageReference "lottie-spm" */;
			productName = Lottie;
		};
/* End XCSwiftPackageProductDependency section */
	};
	rootObject = A2E03E6E2B0E4E3400F23237 /* Project object */;
}
